
Microsoft Visual Studio Solution File, Format Version 12.00
# Visual Studio Version 17
VisualStudioVersion = 17.3.32825.248
MinimumVisualStudioVersion = 10.0.40219.1
Project("{FAE04EC0-301F-11D3-BF4B-00C04F79EFBC}") = "methods_hashtable", "methods_hashtable\methods_hashtable.csproj", "{8A5E4FEB-B4A0-461A-8CD2-70084E6FABEE}"
EndProject
Global
	GlobalSection(SolutionConfigurationPlatforms) = preSolution
		Debug|Any CPU = Debug|Any CPU
		Release|Any CPU = Release|Any CPU
	EndGlobalSection
	GlobalSection(ProjectConfigurationPlatforms) = postSolution
		{8A5E4FEB-B4A0-461A-8CD2-70084E6FABEE}.Debug|Any CPU.ActiveCfg = Debug|Any CPU
		{8A5E4FEB-B4A0-461A-8CD2-70084E6FABEE}.Debug|Any CPU.Build.0 = Debug|Any CPU
		{8A5E4FEB-B4A0-461A-8CD2-70084E6FABEE}.Release|Any CPU.ActiveCfg = Release|Any CPU
		{8A5E4FEB-B4A0-461A-8CD2-70084E6FABEE}.Release|Any CPU.Build.0 = Release|Any CPU
	EndGlobalSection
	GlobalSection(SolutionProperties) = preSolution
		HideSolutionNode = FALSE
	EndGlobalSection
	GlobalSection(ExtensibilityGlobals) = postSolution
		SolutionGuid = {E2E61003-D6DF-4D57-85D4-ED0417828312}
	EndGlobalSection
EndGlobal
