
Microsoft Visual Studio Solution File, Format Version 12.00
# Visual Studio Version 17
VisualStudioVersion = 17.3.32825.248
MinimumVisualStudioVersion = 10.0.40219.1
Project("{FAE04EC0-301F-11D3-BF4B-00C04F79EFBC}") = "queue_methods", "queue_methods\queue_methods.csproj", "{7EA84B32-821B-46FF-853F-3A65C7112BBB}"
EndProject
Global
	GlobalSection(SolutionConfigurationPlatforms) = preSolution
		Debug|Any CPU = Debug|Any CPU
		Release|Any CPU = Release|Any CPU
	EndGlobalSection
	GlobalSection(ProjectConfigurationPlatforms) = postSolution
		{7EA84B32-821B-46FF-853F-3A65C7112BBB}.Debug|Any CPU.ActiveCfg = Debug|Any CPU
		{7EA84B32-821B-46FF-853F-3A65C7112BBB}.Debug|Any CPU.Build.0 = Debug|Any CPU
		{7EA84B32-821B-46FF-853F-3A65C7112BBB}.Release|Any CPU.ActiveCfg = Release|Any CPU
		{7EA84B32-821B-46FF-853F-3A65C7112BBB}.Release|Any CPU.Build.0 = Release|Any CPU
	EndGlobalSection
	GlobalSection(SolutionProperties) = preSolution
		HideSolutionNode = FALSE
	EndGlobalSection
	GlobalSection(ExtensibilityGlobals) = postSolution
		SolutionGuid = {439FA67A-05F8-4EF8-BE49-5A7128422C0E}
	EndGlobalSection
EndGlobal
